
Microsoft Visual Studio Solution File, Format Version 12.00
# Visual Studio Version 17
VisualStudioVersion = 17.0.31903.59
MinimumVisualStudioVersion = 10.0.40219.1
Project("{2150E333-8FDC-42A3-9474-1A3956D46DE8}") = "backend", "backend", "{1AE8ACA6-933B-BF2A-3671-3E2EAC007D16}"
EndProject
Project("{FAE04EC0-301F-11D3-BF4B-00C04F79EFBC}") = "SparkAisha.API", "backend\SparkAisha.API\SparkAisha.API.csproj", "{5186FADA-C4D3-4116-AAB6-A0F13E924C7E}"
EndProject
Project("{FAE04EC0-301F-11D3-BF4B-00C04F79EFBC}") = "SparkAisha.Domain", "backend\SparkAisha.Domain\SparkAisha.Domain.csproj", "{234A3F51-6074-4192-A561-3D2907AD3AB9}"
EndProject
Project("{FAE04EC0-301F-11D3-BF4B-00C04F79EFBC}") = "SparkAisha.Application", "backend\SparkAisha.Application\SparkAisha.Application.csproj", "{C0B86B7B-36AE-48E2-AAFD-91B1C9CC976D}"
EndProject
Project("{FAE04EC0-301F-11D3-BF4B-00C04F79EFBC}") = "SparkAisha.Infrastructure", "backend\SparkAisha.Infrastructure\SparkAisha.Infrastructure.csproj", "{A58FAD35-98E4-4E6E-8C53-489D94CFD52E}"
EndProject
Global
	GlobalSection(SolutionConfigurationPlatforms) = preSolution
		Debug|Any CPU = Debug|Any CPU
		Debug|x64 = Debug|x64
		Debug|x86 = Debug|x86
		Release|Any CPU = Release|Any CPU
		Release|x64 = Release|x64
		Release|x86 = Release|x86
	EndGlobalSection
	GlobalSection(ProjectConfigurationPlatforms) = postSolution
		{5186FADA-C4D3-4116-AAB6-A0F13E924C7E}.Debug|Any CPU.ActiveCfg = Debug|Any CPU
		{5186FADA-C4D3-4116-AAB6-A0F13E924C7E}.Debug|Any CPU.Build.0 = Debug|Any CPU
		{5186FADA-C4D3-4116-AAB6-A0F13E924C7E}.Debug|x64.ActiveCfg = Debug|Any CPU
		{5186FADA-C4D3-4116-AAB6-A0F13E924C7E}.Debug|x64.Build.0 = Debug|Any CPU
		{5186FADA-C4D3-4116-AAB6-A0F13E924C7E}.Debug|x86.ActiveCfg = Debug|Any CPU
		{5186FADA-C4D3-4116-AAB6-A0F13E924C7E}.Debug|x86.Build.0 = Debug|Any CPU
		{5186FADA-C4D3-4116-AAB6-A0F13E924C7E}.Release|Any CPU.ActiveCfg = Release|Any CPU
		{5186FADA-C4D3-4116-AAB6-A0F13E924C7E}.Release|Any CPU.Build.0 = Release|Any CPU
		{5186FADA-C4D3-4116-AAB6-A0F13E924C7E}.Release|x64.ActiveCfg = Release|Any CPU
		{5186FADA-C4D3-4116-AAB6-A0F13E924C7E}.Release|x64.Build.0 = Release|Any CPU
		{5186FADA-C4D3-4116-AAB6-A0F13E924C7E}.Release|x86.ActiveCfg = Release|Any CPU
		{5186FADA-C4D3-4116-AAB6-A0F13E924C7E}.Release|x86.Build.0 = Release|Any CPU
		{234A3F51-6074-4192-A561-3D2907AD3AB9}.Debug|Any CPU.ActiveCfg = Debug|Any CPU
		{234A3F51-6074-4192-A561-3D2907AD3AB9}.Debug|Any CPU.Build.0 = Debug|Any CPU
		{234A3F51-6074-4192-A561-3D2907AD3AB9}.Debug|x64.ActiveCfg = Debug|Any CPU
		{234A3F51-6074-4192-A561-3D2907AD3AB9}.Debug|x64.Build.0 = Debug|Any CPU
		{234A3F51-6074-4192-A561-3D2907AD3AB9}.Debug|x86.ActiveCfg = Debug|Any CPU
		{234A3F51-6074-4192-A561-3D2907AD3AB9}.Debug|x86.Build.0 = Debug|Any CPU
		{234A3F51-6074-4192-A561-3D2907AD3AB9}.Release|Any CPU.ActiveCfg = Release|Any CPU
		{234A3F51-6074-4192-A561-3D2907AD3AB9}.Release|Any CPU.Build.0 = Release|Any CPU
		{234A3F51-6074-4192-A561-3D2907AD3AB9}.Release|x64.ActiveCfg = Release|Any CPU
		{234A3F51-6074-4192-A561-3D2907AD3AB9}.Release|x64.Build.0 = Release|Any CPU
		{234A3F51-6074-4192-A561-3D2907AD3AB9}.Release|x86.ActiveCfg = Release|Any CPU
		{234A3F51-6074-4192-A561-3D2907AD3AB9}.Release|x86.Build.0 = Release|Any CPU
		{C0B86B7B-36AE-48E2-AAFD-91B1C9CC976D}.Debug|Any CPU.ActiveCfg = Debug|Any CPU
		{C0B86B7B-36AE-48E2-AAFD-91B1C9CC976D}.Debug|Any CPU.Build.0 = Debug|Any CPU
		{C0B86B7B-36AE-48E2-AAFD-91B1C9CC976D}.Debug|x64.ActiveCfg = Debug|Any CPU
		{C0B86B7B-36AE-48E2-AAFD-91B1C9CC976D}.Debug|x64.Build.0 = Debug|Any CPU
		{C0B86B7B-36AE-48E2-AAFD-91B1C9CC976D}.Debug|x86.ActiveCfg = Debug|Any CPU
		{C0B86B7B-36AE-48E2-AAFD-91B1C9CC976D}.Debug|x86.Build.0 = Debug|Any CPU
		{C0B86B7B-36AE-48E2-AAFD-91B1C9CC976D}.Release|Any CPU.ActiveCfg = Release|Any CPU
		{C0B86B7B-36AE-48E2-AAFD-91B1C9CC976D}.Release|Any CPU.Build.0 = Release|Any CPU
		{C0B86B7B-36AE-48E2-AAFD-91B1C9CC976D}.Release|x64.ActiveCfg = Release|Any CPU
		{C0B86B7B-36AE-48E2-AAFD-91B1C9CC976D}.Release|x64.Build.0 = Release|Any CPU
		{C0B86B7B-36AE-48E2-AAFD-91B1C9CC976D}.Release|x86.ActiveCfg = Release|Any CPU
		{C0B86B7B-36AE-48E2-AAFD-91B1C9CC976D}.Release|x86.Build.0 = Release|Any CPU
		{A58FAD35-98E4-4E6E-8C53-489D94CFD52E}.Debug|Any CPU.ActiveCfg = Debug|Any CPU
		{A58FAD35-98E4-4E6E-8C53-489D94CFD52E}.Debug|Any CPU.Build.0 = Debug|Any CPU
		{A58FAD35-98E4-4E6E-8C53-489D94CFD52E}.Debug|x64.ActiveCfg = Debug|Any CPU
		{A58FAD35-98E4-4E6E-8C53-489D94CFD52E}.Debug|x64.Build.0 = Debug|Any CPU
		{A58FAD35-98E4-4E6E-8C53-489D94CFD52E}.Debug|x86.ActiveCfg = Debug|Any CPU
		{A58FAD35-98E4-4E6E-8C53-489D94CFD52E}.Debug|x86.Build.0 = Debug|Any CPU
		{A58FAD35-98E4-4E6E-8C53-489D94CFD52E}.Release|Any CPU.ActiveCfg = Release|Any CPU
		{A58FAD35-98E4-4E6E-8C53-489D94CFD52E}.Release|Any CPU.Build.0 = Release|Any CPU
		{A58FAD35-98E4-4E6E-8C53-489D94CFD52E}.Release|x64.ActiveCfg = Release|Any CPU
		{A58FAD35-98E4-4E6E-8C53-489D94CFD52E}.Release|x64.Build.0 = Release|Any CPU
		{A58FAD35-98E4-4E6E-8C53-489D94CFD52E}.Release|x86.ActiveCfg = Release|Any CPU
		{A58FAD35-98E4-4E6E-8C53-489D94CFD52E}.Release|x86.Build.0 = Release|Any CPU
	EndGlobalSection
	GlobalSection(SolutionProperties) = preSolution
		HideSolutionNode = FALSE
	EndGlobalSection
	GlobalSection(NestedProjects) = preSolution
		{5186FADA-C4D3-4116-AAB6-A0F13E924C7E} = {1AE8ACA6-933B-BF2A-3671-3E2EAC007D16}
		{234A3F51-6074-4192-A561-3D2907AD3AB9} = {1AE8ACA6-933B-BF2A-3671-3E2EAC007D16}
		{C0B86B7B-36AE-48E2-AAFD-91B1C9CC976D} = {1AE8ACA6-933B-BF2A-3671-3E2EAC007D16}
		{A58FAD35-98E4-4E6E-8C53-489D94CFD52E} = {1AE8ACA6-933B-BF2A-3671-3E2EAC007D16}
	EndGlobalSection
EndGlobal
